PODS:
  - TencentMapSdkLite (2.0.0.00.01)

DEPENDENCIES:
  - TencentMapSdkLite (from `../`)

EXTERNAL SOURCES:
  TencentMapSdkLite:
    :path: ../

SPEC CHECKSUMS:
  TencentMapSdkLite: 470af7a1b817b8ae1c5c2f8be23ea338a9b87e4b

PODFILE CHECKSUM: 8e041597aa54e70f9670af3cccb57290e715a2a1

COCOAPODS: 1.1.1
