PODS:
  - TencentMapSdkLite (2.0.0.00.06)

DEPENDENCIES:
  - TencentMapSdkLite (from `../`)

EXTERNAL SOURCES:
  TencentMapSdkLite:
    :path: ../

SPEC CHECKSUMS:
  TencentMapSdkLite: e8aa62dc27548df616a061c3f11034b5856b1fbf

PODFILE CHECKSUM: 8e041597aa54e70f9670af3cccb57290e715a2a1

COCOAPODS: 1.1.1
